
Microsoft Visual Studio Solution File, Format Version 12.00
# Visual Studio Version 17
VisualStudioVersion = 17.4.33213.308
MinimumVisualStudioVersion = 10.0.40219.1
Project("{9A19103F-16F7-4668-BE54-9A1E7A4F7556}") = "ASPRPG", "ASPRPG\ASPRPG.csproj", "{826ACC95-3942-41CF-9C91-8FFBF23EB437}"
EndProject
Global
	GlobalSection(SolutionConfigurationPlatforms) = preSolution
		Debug|Any CPU = Debug|Any CPU
		Release|Any CPU = Release|Any CPU
	EndGlobalSection
	GlobalSection(ProjectConfigurationPlatforms) = postSolution
		{826ACC95-3942-41CF-9C91-8FFBF23EB437}.Debug|Any CPU.ActiveCfg = Debug|Any CPU
		{826ACC95-3942-41CF-9C91-8FFBF23EB437}.Debug|Any CPU.Build.0 = Debug|Any CPU
		{826ACC95-3942-41CF-9C91-8FFBF23EB437}.Release|Any CPU.ActiveCfg = Release|Any CPU
		{826ACC95-3942-41CF-9C91-8FFBF23EB437}.Release|Any CPU.Build.0 = Release|Any CPU
	EndGlobalSection
	GlobalSection(SolutionProperties) = preSolution
		HideSolutionNode = FALSE
	EndGlobalSection
	GlobalSection(ExtensibilityGlobals) = postSolution
		SolutionGuid = {86F43B4B-6922-43FD-BEC5-3BB8522E133D}
	EndGlobalSection
EndGlobal
